<?xml version="1.0" encoding="utf-8"?>
<Project ToolsVersion="4.0" xmlns="http://schemas.microsoft.com/developer/msbuild/2003">
  <ItemGroup>
    <Filter Include="ソース ファイル">
      <UniqueIdentifier>{4FC737F1-C7A5-4376-A066-2A32D752A2FF}</UniqueIdentifier>
      <Extensions>cpp;c;cc;cxx;c++;cppm;ixx;def;odl;idl;hpj;bat;asm;asmx</Extensions>
    </Filter>
    <Filter Include="ヘッダー ファイル">
      <UniqueIdentifier>{93995380-89BD-4b04-88EB-625FBE52EBFB}</UniqueIdentifier>
      <Extensions>h;hh;hpp;hxx;h++;hm;inl;inc;ipp;xsd</Extensions>
    </Filter>
    <Filter Include="リソース ファイル">
      <UniqueIdentifier>{67DA6AB6-F800-4c08-8B7A-83BB121AAD01}</UniqueIdentifier>
      <Extensions>rc;ico;cur;bmp;dlg;rc2;rct;bin;rgs;gif;jpg;jpeg;jpe;resx;tiff;tif;png;wav;mfcribbon-ms</Extensions>
    </Filter>
    <Filter Include="imgui">
      <UniqueIdentifier>{83cd6226-edd3-4323-b4d4-2d7549d7a2a5}</UniqueIdentifier>
    </Filter>
    <Filter Include="Application">
      <UniqueIdentifier>{da5b4f85-44e4-4df3-8548-f1cfb21888fd}</UniqueIdentifier>
    </Filter>
    <Filter Include="Engine">
      <UniqueIdentifier>{a552f40e-b567-4ca0-8480-9cab5fe672ba}</UniqueIdentifier>
    </Filter>
    <Filter Include="Engine\Audio">
      <UniqueIdentifier>{5f03a200-bacd-4531-8f49-7aa723417406}</UniqueIdentifier>
    </Filter>
    <Filter Include="Engine\CommonFiles">
      <UniqueIdentifier>{66f8b25c-5e32-43e3-a6e6-86fd8472e476}</UniqueIdentifier>
    </Filter>
    <Filter Include="Engine\Colider">
      <UniqueIdentifier>{335105fc-adba-4971-8bdf-ca4aeb29a971}</UniqueIdentifier>
    </Filter>
    <Filter Include="Engine\2D">
      <UniqueIdentifier>{7a014401-337a-49ff-b696-419e6467c944}</UniqueIdentifier>
    </Filter>
    <Filter Include="Engine\3D">
      <UniqueIdentifier>{85a827af-2de2-455b-847b-b043be7c18e6}</UniqueIdentifier>
    </Filter>
    <Filter Include="Engine\GlobalVariables">
      <UniqueIdentifier>{e4a6cd36-22c6-4c6c-8db7-6b817c010cba}</UniqueIdentifier>
    </Filter>
    <Filter Include="Engine\Scene">
      <UniqueIdentifier>{0aad628e-831d-441e-9803-81047d0413f2}</UniqueIdentifier>
    </Filter>
    <Filter Include="Engine\Terrain">
      <UniqueIdentifier>{98049717-3356-42b7-b01b-98674ea36539}</UniqueIdentifier>
    </Filter>
    <Filter Include="Application\Camera">
      <UniqueIdentifier>{a7548859-f08e-4e18-a8e3-b953486e5171}</UniqueIdentifier>
    </Filter>
    <Filter Include="Application\Character">
      <UniqueIdentifier>{6b39f7af-733b-4c06-a256-4e468707b969}</UniqueIdentifier>
    </Filter>
    <Filter Include="Application\GameObject">
      <UniqueIdentifier>{bed03dc3-8e6c-42c5-9e82-c90d43062a02}</UniqueIdentifier>
    </Filter>
    <Filter Include="Engine\Math">
      <UniqueIdentifier>{cc21af82-3c0c-41f2-bc85-d89c01223dd0}</UniqueIdentifier>
    </Filter>
  </ItemGroup>
  <ItemGroup>
    <None Include="Resources\Shaders\Object3d.hlsli" />
    <None Include="Resources\Shaders\Particle.hlsli" />
    <None Include="Resources\Shaders\Primitive3D.hlsli" />
    <None Include="Resources\Shaders\Sprite.hlsli" />
    <None Include="Resources\Shaders\outline.hlsli" />
  </ItemGroup>
  <ItemGroup>
    <FxCompile Include="Resources\Shaders\Object3d.PS.hlsl" />
    <FxCompile Include="Resources\Shaders\Object3d.VS.hlsl" />
    <FxCompile Include="Resources\Shaders\Particle.PS.hlsl" />
    <FxCompile Include="Resources\Shaders\Particle.VS.hlsl" />
    <FxCompile Include="Resources\Shaders\Primitive3DPS.hlsl" />
    <FxCompile Include="Resources\Shaders\Primitive3DVS.hlsl" />
    <FxCompile Include="Resources\Shaders\SpritePS.hlsl" />
    <FxCompile Include="Resources\Shaders\SpriteVS.hlsl" />
    <FxCompile Include="Resources\Shaders\outlineVS.hlsl" />
    <FxCompile Include="Resources\Shaders\outlinePS.hlsl" />
  </ItemGroup>
  <ItemGroup>
    <ClCompile Include="main.cpp">
      <Filter>ソース ファイル</Filter>
    </ClCompile>
    <ClCompile Include="GameScene.cpp">
      <Filter>ソース ファイル</Filter>
    </ClCompile>
    <ClCompile Include="Application\Curve.cpp">
      <Filter>Application</Filter>
    </ClCompile>
    <ClCompile Include="Application\TimedCall.cpp">
      <Filter>Application</Filter>
    </ClCompile>
    <ClCompile Include="Engine\DebugCamera.cpp">
      <Filter>Engine</Filter>
    </ClCompile>
    <ClCompile Include="Engine\TextureManager.cpp">
      <Filter>Engine</Filter>
    </ClCompile>
    <ClCompile Include="Engine\Colider\AABB.cpp">
      <Filter>Engine\Colider</Filter>
    </ClCompile>
    <ClCompile Include="Engine\Colider\Collider.cpp">
      <Filter>Engine\Colider</Filter>
    </ClCompile>
    <ClCompile Include="Engine\Colider\Collision.cpp">
      <Filter>Engine\Colider</Filter>
    </ClCompile>
    <ClCompile Include="Engine\Colider\CollisionManager.cpp">
      <Filter>Engine\Colider</Filter>
    </ClCompile>
    <ClCompile Include="Engine\Colider\OBB.cpp">
      <Filter>Engine\Colider</Filter>
    </ClCompile>
    <ClCompile Include="Engine\Colider\Plane.cpp">
      <Filter>Engine\Colider</Filter>
    </ClCompile>
    <ClCompile Include="Engine\Colider\Sphere.cpp">
      <Filter>Engine\Colider</Filter>
    </ClCompile>
    <ClCompile Include="Engine\CommonFiles\DirectXCommon.cpp">
      <Filter>Engine\CommonFiles</Filter>
    </ClCompile>
    <ClCompile Include="Engine\CommonFiles\WinApp.cpp">
      <Filter>Engine\CommonFiles</Filter>
    </ClCompile>
    <ClCompile Include="externals\imgui\imgui.cpp">
      <Filter>imgui</Filter>
    </ClCompile>
    <ClCompile Include="externals\imgui\imgui_demo.cpp">
      <Filter>imgui</Filter>
    </ClCompile>
    <ClCompile Include="externals\imgui\imgui_draw.cpp">
      <Filter>imgui</Filter>
    </ClCompile>
    <ClCompile Include="externals\imgui\imgui_impl_dx12.cpp">
      <Filter>imgui</Filter>
    </ClCompile>
    <ClCompile Include="externals\imgui\imgui_impl_win32.cpp">
      <Filter>imgui</Filter>
    </ClCompile>
    <ClCompile Include="externals\imgui\imgui_tables.cpp">
      <Filter>imgui</Filter>
    </ClCompile>
    <ClCompile Include="externals\imgui\imgui_widgets.cpp">
      <Filter>imgui</Filter>
    </ClCompile>
    <ClCompile Include="Engine\Math\MatrixFunction.cpp">
      <Filter>Engine\Math</Filter>
    </ClCompile>
    <ClCompile Include="Engine\Math\VectorFunction.cpp">
      <Filter>Engine\Math</Filter>
    </ClCompile>
    <ClCompile Include="Engine\Audio\AudioManager.cpp">
      <Filter>Engine\Audio</Filter>
    </ClCompile>
    <ClCompile Include="Engine\CommonFiles\ConvertString.cpp">
      <Filter>Engine\CommonFiles</Filter>
    </ClCompile>
    <ClCompile Include="Engine\CommonFiles\D3DResourceLeakChacker.cpp">
      <Filter>Engine\CommonFiles</Filter>
    </ClCompile>
    <ClCompile Include="Engine\CommonFiles\FixFPS.cpp">
      <Filter>Engine\CommonFiles</Filter>
    </ClCompile>
    <ClCompile Include="Engine\CommonFiles\DeltaTime.cpp">
      <Filter>Engine\CommonFiles</Filter>
    </ClCompile>
    <ClCompile Include="Engine\3D\Particle.cpp">
      <Filter>Engine\3D</Filter>
    </ClCompile>
    <ClCompile Include="Engine\3D\Model.cpp">
      <Filter>Engine\3D</Filter>
    </ClCompile>
    <ClCompile Include="Engine\3D\LoadModel.cpp">
      <Filter>Engine\3D</Filter>
    </ClCompile>
    <ClCompile Include="Engine\CommonFiles\GetDescriptorHandle.cpp">
      <Filter>Engine\CommonFiles</Filter>
    </ClCompile>
    <ClCompile Include="Engine\GlobalVariables\GlobalVariables.cpp">
      <Filter>Engine\GlobalVariables</Filter>
    </ClCompile>
    <ClCompile Include="Engine\3D\WorldTransform.cpp">
      <Filter>Engine\3D</Filter>
    </ClCompile>
    <ClCompile Include="Engine\3D\ViewProjection.cpp">
      <Filter>Engine\3D</Filter>
    </ClCompile>
    <ClCompile Include="Engine\CommonFiles\RandomEngine.cpp">
      <Filter>Engine\CommonFiles</Filter>
    </ClCompile>
    <ClCompile Include="Engine\2D\Sprite.cpp">
      <Filter>Engine\2D</Filter>
    </ClCompile>
    <ClCompile Include="Engine\CommonFiles\ShaderCompiler.cpp">
      <Filter>Engine\CommonFiles</Filter>
    </ClCompile>
    <ClCompile Include="Engine\3D\Material.cpp">
      <Filter>Engine\3D</Filter>
    </ClCompile>
    <ClCompile Include="Engine\Terrain\Terrain.cpp">
      <Filter>Engine\Terrain</Filter>
    </ClCompile>
    <ClCompile Include="Engine\CommonFiles\Input.cpp">
      <Filter>Engine\CommonFiles</Filter>
    </ClCompile>
    <ClCompile Include="Engine\3D\Animation.cpp">
      <Filter>Engine\3D</Filter>
    </ClCompile>
    <ClCompile Include="Application\GameObject\Board.cpp">
      <Filter>Application\GameObject</Filter>
    </ClCompile>
    <ClCompile Include="Application\Camera\FollowCamera.cpp">
      <Filter>Application\Camera</Filter>
    </ClCompile>
    <ClCompile Include="Application\GameObject\Skydome.cpp">
      <Filter>Application\GameObject</Filter>
    </ClCompile>
    <ClCompile Include="Application\GameObject\MovingFlooar.cpp">
      <Filter>Application\GameObject</Filter>
    </ClCompile>
    <ClCompile Include="Application\Ground.cpp">
      <Filter>Application\GameObject</Filter>
    </ClCompile>
    <ClCompile Include="Application\GameObject\flooar.cpp">
      <Filter>Application\GameObject</Filter>
    </ClCompile>
    <ClCompile Include="Application\Character\BaseCharacter.cpp">
      <Filter>Application\Character</Filter>
    </ClCompile>
    <ClCompile Include="Application\Character\PlayerAI.cpp">
      <Filter>Application\Character</Filter>
    </ClCompile>
    <ClCompile Include="Application\Character\Player2.cpp">
      <Filter>Application\Character</Filter>
    </ClCompile>
    <ClCompile Include="Application\Character\Player.cpp">
      <Filter>Application\Character</Filter>
    </ClCompile>
    <ClCompile Include="Engine\Math\QuaternionFunction.cpp">
      <Filter>Engine\Math</Filter>
    </ClCompile>
    <ClCompile Include="Application\Camera\LockOn.cpp">
      <Filter>Application\Camera</Filter>
    </ClCompile>
    <ClCompile Include="Application\GameObject\Bullet.cpp">
      <Filter>Application\GameObject</Filter>
    </ClCompile>
    <ClCompile Include="Engine\CommonFiles\SRVManager.cpp">
      <Filter>Engine\CommonFiles</Filter>
    </ClCompile>
    <ClCompile Include="Application\GameObject\GameObject.cpp">
      <Filter>Application\GameObject</Filter>
    </ClCompile>
    <ClCompile Include="Engine\3D\SkyBox.cpp">
      <Filter>Engine\3D</Filter>
    </ClCompile>
    <ClCompile Include="Engine\GameManager.cpp">
      <Filter>Engine</Filter>
    </ClCompile>
    <ClCompile Include="Engine\Scene\SceneLoader.cpp">
      <Filter>Engine\Scene</Filter>
    </ClCompile>
    <ClCompile Include="Engine\3D\Skeleton.cpp">
      <Filter>Engine\3D</Filter>
    </ClCompile>
    <ClCompile Include="Engine\2D\PostEffect.cpp">
      <Filter>Engine\2D</Filter>
    </ClCompile>
  </ItemGroup>
  <ItemGroup>
    <ClInclude Include="GameScene.h">
      <Filter>ヘッダー ファイル</Filter>
    </ClInclude>
    <ClInclude Include="Application\Curve.h">
      <Filter>Application</Filter>
    </ClInclude>
    <ClInclude Include="Application\TimedCall.h">
      <Filter>Application</Filter>
    </ClInclude>
    <ClInclude Include="Engine\DebugCamera.h">
      <Filter>Engine</Filter>
    </ClInclude>
    <ClInclude Include="Engine\TextureManager.h">
      <Filter>Engine</Filter>
    </ClInclude>
    <ClInclude Include="Engine\Colider\AABB.h">
      <Filter>Engine\Colider</Filter>
    </ClInclude>
    <ClInclude Include="Engine\Colider\Collider.h">
      <Filter>Engine\Colider</Filter>
    </ClInclude>
    <ClInclude Include="Engine\Colider\Collision.h">
      <Filter>Engine\Colider</Filter>
    </ClInclude>
    <ClInclude Include="Engine\Colider\CollisionConfig.h">
      <Filter>Engine\Colider</Filter>
    </ClInclude>
    <ClInclude Include="Engine\Colider\CollisionManager.h">
      <Filter>Engine\Colider</Filter>
    </ClInclude>
    <ClInclude Include="Engine\Colider\OBB.h">
      <Filter>Engine\Colider</Filter>
    </ClInclude>
    <ClInclude Include="Engine\Colider\Plane.h">
      <Filter>Engine\Colider</Filter>
    </ClInclude>
    <ClInclude Include="Engine\Colider\Sphere.h">
      <Filter>Engine\Colider</Filter>
    </ClInclude>
    <ClInclude Include="Engine\CommonFiles\DirectXCommon.h">
      <Filter>Engine\CommonFiles</Filter>
    </ClInclude>
    <ClInclude Include="Engine\CommonFiles\WinApp.h">
      <Filter>Engine\CommonFiles</Filter>
    </ClInclude>
    <ClInclude Include="externals\imgui\imconfig.h">
      <Filter>imgui</Filter>
    </ClInclude>
    <ClInclude Include="externals\imgui\imgui.h">
      <Filter>imgui</Filter>
    </ClInclude>
    <ClInclude Include="externals\imgui\imgui_impl_dx12.h">
      <Filter>imgui</Filter>
    </ClInclude>
    <ClInclude Include="externals\imgui\imgui_impl_win32.h">
      <Filter>imgui</Filter>
    </ClInclude>
    <ClInclude Include="externals\imgui\imgui_internal.h">
      <Filter>imgui</Filter>
    </ClInclude>
    <ClInclude Include="externals\imgui\imstb_rectpack.h">
      <Filter>imgui</Filter>
    </ClInclude>
    <ClInclude Include="externals\imgui\imstb_textedit.h">
      <Filter>imgui</Filter>
    </ClInclude>
    <ClInclude Include="externals\imgui\imstb_truetype.h">
      <Filter>imgui</Filter>
    </ClInclude>
    <ClInclude Include="Engine\Math\Matrix.h">
      <Filter>Engine\Math</Filter>
    </ClInclude>
    <ClInclude Include="Engine\Math\MatrixFunction.h">
      <Filter>Engine\Math</Filter>
    </ClInclude>
    <ClInclude Include="Engine\Math\Vector2.h">
      <Filter>Engine\Math</Filter>
    </ClInclude>
    <ClInclude Include="Engine\Math\Vector3.h">
      <Filter>Engine\Math</Filter>
    </ClInclude>
    <ClInclude Include="Engine\Math\Vector4.h">
      <Filter>Engine\Math</Filter>
    </ClInclude>
    <ClInclude Include="Engine\Math\VectorFunction.h">
      <Filter>Engine\Math</Filter>
    </ClInclude>
    <ClInclude Include="Engine\Audio\AudioManager.h">
      <Filter>Engine\Audio</Filter>
    </ClInclude>
    <ClInclude Include="Engine\CommonFiles\ConvertString.h">
      <Filter>Engine\CommonFiles</Filter>
    </ClInclude>
    <ClInclude Include="Engine\CommonFiles\D3DResourceLeakChacker.h">
      <Filter>Engine\CommonFiles</Filter>
    </ClInclude>
    <ClInclude Include="Engine\CommonFiles\FixFPS.h">
      <Filter>Engine\CommonFiles</Filter>
    </ClInclude>
    <ClInclude Include="Engine\CommonFiles\DeltaTime.h">
      <Filter>Engine\CommonFiles</Filter>
    </ClInclude>
    <ClInclude Include="Engine\3D\Particle.h">
      <Filter>Engine\3D</Filter>
    </ClInclude>
    <ClInclude Include="Engine\3D\Model.h">
      <Filter>Engine\3D</Filter>
    </ClInclude>
    <ClInclude Include="Engine\3D\LoadModel.h">
      <Filter>Engine\3D</Filter>
    </ClInclude>
    <ClInclude Include="Engine\CommonFiles\GetDescriptorHandle.h">
      <Filter>Engine\CommonFiles</Filter>
    </ClInclude>
    <ClInclude Include="Engine\GlobalVariables\GlobalVariables.h">
      <Filter>Engine\GlobalVariables</Filter>
    </ClInclude>
    <ClInclude Include="Engine\3D\WorldTransform.h">
      <Filter>Engine\3D</Filter>
    </ClInclude>
    <ClInclude Include="Engine\3D\ViewProjection.h">
      <Filter>Engine\3D</Filter>
    </ClInclude>
    <ClInclude Include="Engine\CommonFiles\RandomEngine.h">
      <Filter>Engine\CommonFiles</Filter>
    </ClInclude>
    <ClInclude Include="Engine\2D\Sprite.h">
      <Filter>Engine\2D</Filter>
    </ClInclude>
    <ClInclude Include="Engine\CommonFiles\ShaderCompiler.h">
      <Filter>Engine\CommonFiles</Filter>
    </ClInclude>
    <ClInclude Include="Engine\CommonFiles\Input.h">
      <Filter>Engine\CommonFiles</Filter>
    </ClInclude>
    <ClInclude Include="Application\GameObject\Board.h">
      <Filter>Application\GameObject</Filter>
    </ClInclude>
    <ClInclude Include="Application\Camera\FollowCamera.h">
      <Filter>Application\Camera</Filter>
    </ClInclude>
    <ClInclude Include="Application\GameObject\Skydome.h">
      <Filter>Application\GameObject</Filter>
    </ClInclude>
    <ClInclude Include="Application\GameObject\MovingFlooar.h">
      <Filter>Application\GameObject</Filter>
    </ClInclude>
    <ClInclude Include="Application\Ground.h">
      <Filter>Application\GameObject</Filter>
    </ClInclude>
    <ClInclude Include="Application\GameObject\flooar.h">
      <Filter>Application\GameObject</Filter>
    </ClInclude>
    <ClInclude Include="Application\Character\BaseCharacter.h">
      <Filter>Application\Character</Filter>
    </ClInclude>
    <ClInclude Include="Application\Character\Player.h">
      <Filter>Application\Character</Filter>
    </ClInclude>
    <ClInclude Include="Application\Character\Player2.h">
      <Filter>Application\Character</Filter>
    </ClInclude>
    <ClInclude Include="Application\Character\PlayerAI.h">
      <Filter>Application\Character</Filter>
    </ClInclude>
    <ClInclude Include="Application\Camera\LockOn.h">
      <Filter>Application\Camera</Filter>
    </ClInclude>
    <ClInclude Include="Application\GameObject\Bullet.h">
      <Filter>Application\GameObject</Filter>
    </ClInclude>
    <ClInclude Include="Engine\Math\QuaternionFunction.h">
      <Filter>Engine\Math</Filter>
    </ClInclude>
    <ClInclude Include="Engine\Math\Quaternion.h">
      <Filter>Engine\Math</Filter>
    </ClInclude>
    <ClInclude Include="Application\GameObject\GameObject.h">
      <Filter>Application\GameObject</Filter>
    </ClInclude>
    <ClInclude Include="Engine\3D\SkyBox.h">
      <Filter>Engine\3D</Filter>
    </ClInclude>
    <ClInclude Include="Engine\3D\Material.h">
      <Filter>Engine\3D</Filter>
    </ClInclude>
    <ClInclude Include="Engine\GameManager.h">
      <Filter>Engine</Filter>
    </ClInclude>
    <ClInclude Include="Engine\3D\Animation.h">
      <Filter>Engine\3D</Filter>
    </ClInclude>
    <ClInclude Include="Engine\CommonFiles\SRVManager.h">
      <Filter>Engine\CommonFiles</Filter>
    </ClInclude>
    <ClInclude Include="Engine\Scene\IScene.h">
      <Filter>Engine\Scene</Filter>
    </ClInclude>
    <ClInclude Include="Engine\Terrain\Terrain.h">
      <Filter>Engine\Terrain</Filter>
    </ClInclude>
    <ClInclude Include="Engine\2D\PostEffect.h">
      <Filter>Engine\2D</Filter>
    </ClInclude>
    <ClInclude Include="Engine\ModelStruct.h">
      <Filter>Engine</Filter>
    </ClInclude>
    <ClInclude Include="Engine\Scene\SceneLoader.h">
      <Filter>Engine\Scene</Filter>
    </ClInclude>
    <ClInclude Include="Engine\Scene\SceneStructs.h">
      <Filter>Engine\Scene</Filter>
    </ClInclude>
    <ClInclude Include="Engine\3D\Skeleton.h">
      <Filter>Engine\3D</Filter>
    </ClInclude>
  </ItemGroup>
  <ItemGroup>
    <Text Include="externals\imgui\LICENSE.txt">
      <Filter>imgui</Filter>
    </Text>
  </ItemGroup>
</Project>